{
  "name": "waste-management",
  "version": "2.0.0",
  "lockfileVersion": 3,
  "requires": true,
  "packages": {
    "": {
      "name": "waste-management",
      "version": "2.0.0",
      "workspaces": [
        "apps/*",
        "packages/*"
      ],
      "dependencies": {
        "@rolldown/binding-linux-x64-musl": "*",
        "@rolldown/binding-wasm32-wasi": "*"
      },
      "devDependencies": {
        "@types/node": "^26.4.0",
        "playwright": "^1.62.1",
        "typescript": "^5.6.3"
      },
      "optionalDependencies": {
        "@rolldown/binding-linux-x64-gnu": "^1.2.9",
        "@rolldown/binding-linux-x64-musl": "^1.2.9",
        "@rolldown/binding-wasm32-wasi": "^1.2.9"
      }
    },
    "apps/web": {
      "name": "@wm/web",
      "version": "2.0.0",
      "dependencies": {
        "@wm/shared": "*",
        "lucide-react": "^1.37.0",
        "react": "^19.2.0",
        "react-dom": "^19.2.0"
      },
      "devDependencies": {
        "@tailwindcss/vite": "^4.3.0",
        "@types/react": "^19.2.0",
        "@types/react-dom": "^19.2.0",
        "@vitejs/plugin-react": "^5.0.0",
        "tailwindcss": "^4.3.0",
        "typescript": "^5.6.3",
        "vite": "^8.2.2"
      }
    },
    "node_modules/@rolldown/binding-linux-x64-gnu": {
      "version": "1.2.9",
      "resolved": "https://registry.npmjs.org/@rolldown/binding-linux-x64-gnu/-/binding-linux-x64-gnu-1.2.9.tgz",
      "cpu": ["x64"],
      "dev": true,
      "license": "MIT",
      "optional": true,
      "os": ["linux"],
      "engines": {"node": "^20.19.0 || >=22.12.0"}
    },
    "node_modules/@rolldown/binding-linux-x64-musl": {
      "version": "1.2.9",
      "resolved": "https://registry.npmjs.org/@rolldown/binding-linux-x64-musl/-/binding-linux-x64-musl-1.2.9.tgz",
      "cpu": ["x64"],
      "dev": true,
      "license": "MIT",
      "optional": true,
      "os": ["linux"],
      "engines": {"node": "^20.19.0 || >=22.12.0"}
    },
    "node_modules/@rolldown/binding-wasm32-wasi": {
      "version": "1.2.9",
      "resolved": "https://registry.npmjs.org/@rolldown/binding-wasm32-wasi/-/binding-wasm32-wasi-1.2.9.tgz",
      "license": "MIT",
      "optional": true,
      "dependencies": {
        "@emnapi/core": "2.0.0-alpha.5",
        "@emnapi/runtime": "2.0.0-alpha.5",
        "@napi-rs/wasm-runtime": "~1.2.4"
      },
      "engines": {"node": "^20.19.0 || ^22.13.0 || >=23.5.0"}
    }
  }
}
